
Microsoft Visual Studio Solution File, Format Version 12.00
# Visual Studio Version 17
VisualStudioVersion = 17.3.32922.545
MinimumVisualStudioVersion = 10.0.40219.1
Project("{FAE04EC0-301F-11D3-BF4B-00C04F79EFBC}") = "View", "View\View.csproj", "{B33983FD-245E-4870-A6D4-95B3F12A5B47}"
EndProject
Global
	GlobalSection(SolutionConfigurationPlatforms) = preSolution
		Debug|Any CPU = Debug|Any CPU
		Release|Any CPU = Release|Any CPU
	EndGlobalSection
	GlobalSection(ProjectConfigurationPlatforms) = postSolution
		{B33983FD-245E-4870-A6D4-95B3F12A5B47}.Debug|Any CPU.ActiveCfg = Debug|Any CPU
		{B33983FD-245E-4870-A6D4-95B3F12A5B47}.Debug|Any CPU.Build.0 = Debug|Any CPU
		{B33983FD-245E-4870-A6D4-95B3F12A5B47}.Release|Any CPU.ActiveCfg = Release|Any CPU
		{B33983FD-245E-4870-A6D4-95B3F12A5B47}.Release|Any CPU.Build.0 = Release|Any CPU
	EndGlobalSection
	GlobalSection(SolutionProperties) = preSolution
		HideSolutionNode = FALSE
	EndGlobalSection
	GlobalSection(ExtensibilityGlobals) = postSolution
		SolutionGuid = {2CB18DD5-6DFF-448A-BAFA-A82A004BCE84}
	EndGlobalSection
EndGlobal
