
Microsoft Visual Studio Solution File, Format Version 12.00
# Visual Studio Version 17
VisualStudioVersion = 17.3.32901.215
MinimumVisualStudioVersion = 10.0.40219.1
Project("{FAE04EC0-301F-11D3-BF4B-00C04F79EFBC}") = "Wpf_MainWindow", "Wpf_MainWindow\Wpf_MainWindow.csproj", "{39115A2F-2D76-49F7-81E9-B2C9E35E4912}"
EndProject
Global
	GlobalSection(SolutionConfigurationPlatforms) = preSolution
		Debug|Any CPU = Debug|Any CPU
		Release|Any CPU = Release|Any CPU
	EndGlobalSection
	GlobalSection(ProjectConfigurationPlatforms) = postSolution
		{39115A2F-2D76-49F7-81E9-B2C9E35E4912}.Debug|Any CPU.ActiveCfg = Debug|Any CPU
		{39115A2F-2D76-49F7-81E9-B2C9E35E4912}.Debug|Any CPU.Build.0 = Debug|Any CPU
		{39115A2F-2D76-49F7-81E9-B2C9E35E4912}.Release|Any CPU.ActiveCfg = Release|Any CPU
		{39115A2F-2D76-49F7-81E9-B2C9E35E4912}.Release|Any CPU.Build.0 = Release|Any CPU
	EndGlobalSection
	GlobalSection(SolutionProperties) = preSolution
		HideSolutionNode = FALSE
	EndGlobalSection
	GlobalSection(ExtensibilityGlobals) = postSolution
		SolutionGuid = {E45492AC-19AF-46ED-922C-A6A65F49D841}
	EndGlobalSection
EndGlobal
